
Microsoft Visual Studio Solution File, Format Version 12.00
# Visual Studio Version 17
VisualStudioVersion = 17.4.33205.214
MinimumVisualStudioVersion = 10.0.40219.1
Project("{FAE04EC0-301F-11D3-BF4B-00C04F79EFBC}") = "Exercicios - Estrutura Condicional", "Exercicios - Estrutura Condicional\Exercicios - Estrutura Condicional.csproj", "{E8589B8E-A3AC-4501-94DA-BEABDC0CDCB0}"
EndProject
Global
	GlobalSection(SolutionConfigurationPlatforms) = preSolution
		Debug|Any CPU = Debug|Any CPU
		Release|Any CPU = Release|Any CPU
	EndGlobalSection
	GlobalSection(ProjectConfigurationPlatforms) = postSolution
		{E8589B8E-A3AC-4501-94DA-BEABDC0CDCB0}.Debug|Any CPU.ActiveCfg = Debug|Any CPU
		{E8589B8E-A3AC-4501-94DA-BEABDC0CDCB0}.Debug|Any CPU.Build.0 = Debug|Any CPU
		{E8589B8E-A3AC-4501-94DA-BEABDC0CDCB0}.Release|Any CPU.ActiveCfg = Release|Any CPU
		{E8589B8E-A3AC-4501-94DA-BEABDC0CDCB0}.Release|Any CPU.Build.0 = Release|Any CPU
	EndGlobalSection
	GlobalSection(SolutionProperties) = preSolution
		HideSolutionNode = FALSE
	EndGlobalSection
	GlobalSection(ExtensibilityGlobals) = postSolution
		SolutionGuid = {5094FD1A-17B5-442E-95AF-ACAAC17EEB54}
	EndGlobalSection
EndGlobal
