
Microsoft Visual Studio Solution File, Format Version 12.00
# Visual Studio Version 17
VisualStudioVersion = 17.4.33213.308
MinimumVisualStudioVersion = 10.0.40219.1
Project("{FAE04EC0-301F-11D3-BF4B-00C04F79EFBC}") = "ExpressaoLambdaDelegatesLINQ", "ExpressaoLambdaDelegatesLINQ\ExpressaoLambdaDelegatesLINQ.csproj", "{2905D5E3-CAF7-4C3C-BC3C-6D655277218D}"
EndProject
Global
	GlobalSection(SolutionConfigurationPlatforms) = preSolution
		Debug|Any CPU = Debug|Any CPU
		Release|Any CPU = Release|Any CPU
	EndGlobalSection
	GlobalSection(ProjectConfigurationPlatforms) = postSolution
		{2905D5E3-CAF7-4C3C-BC3C-6D655277218D}.Debug|Any CPU.ActiveCfg = Debug|Any CPU
		{2905D5E3-CAF7-4C3C-BC3C-6D655277218D}.Debug|Any CPU.Build.0 = Debug|Any CPU
		{2905D5E3-CAF7-4C3C-BC3C-6D655277218D}.Release|Any CPU.ActiveCfg = Release|Any CPU
		{2905D5E3-CAF7-4C3C-BC3C-6D655277218D}.Release|Any CPU.Build.0 = Release|Any CPU
	EndGlobalSection
	GlobalSection(SolutionProperties) = preSolution
		HideSolutionNode = FALSE
	EndGlobalSection
	GlobalSection(ExtensibilityGlobals) = postSolution
		SolutionGuid = {B472EE40-D2C9-4FAF-ADAE-042FAC1761E6}
	EndGlobalSection
EndGlobal
