
Microsoft Visual Studio Solution File, Format Version 12.00
# Visual Studio Version 17
VisualStudioVersion = 17.4.33213.308
MinimumVisualStudioVersion = 10.0.40219.1
Project("{FAE04EC0-301F-11D3-BF4B-00C04F79EFBC}") = "Secao 6 -Listas e array", "Secao 6 -Listas e array\Secao 6 -Listas e array.csproj", "{992A14B1-6804-4D2A-A5AC-1A43EBAD2E29}"
EndProject
Global
	GlobalSection(SolutionConfigurationPlatforms) = preSolution
		Debug|Any CPU = Debug|Any CPU
		Release|Any CPU = Release|Any CPU
	EndGlobalSection
	GlobalSection(ProjectConfigurationPlatforms) = postSolution
		{992A14B1-6804-4D2A-A5AC-1A43EBAD2E29}.Debug|Any CPU.ActiveCfg = Debug|Any CPU
		{992A14B1-6804-4D2A-A5AC-1A43EBAD2E29}.Debug|Any CPU.Build.0 = Debug|Any CPU
		{992A14B1-6804-4D2A-A5AC-1A43EBAD2E29}.Release|Any CPU.ActiveCfg = Release|Any CPU
		{992A14B1-6804-4D2A-A5AC-1A43EBAD2E29}.Release|Any CPU.Build.0 = Release|Any CPU
	EndGlobalSection
	GlobalSection(SolutionProperties) = preSolution
		HideSolutionNode = FALSE
	EndGlobalSection
	GlobalSection(ExtensibilityGlobals) = postSolution
		SolutionGuid = {1F65E41C-BD9A-4593-8CBA-443D45235A81}
	EndGlobalSection
EndGlobal
